
Microsoft Visual Studio Solution File, Format Version 12.00
# Visual Studio 15
VisualStudioVersion = 15.0.28307.271
MinimumVisualStudioVersion = 10.0.40219.1
Project("{8BC9CEB8-8B4A-11D0-8D11-00A0C91BC942}") = "Project Pulse", "Project Pulse.vcxproj", "{EE59A222-AAA5-4240-B61F-1EBF33FC54D8}"
EndProject
Global
	GlobalSection(SolutionConfigurationPlatforms) = preSolution
		Debug|Win32 = Debug|Win32
		Release|Win32 = Release|Win32
	EndGlobalSection
	GlobalSection(ProjectConfigurationPlatforms) = postSolution
		{EE59A222-AAA5-4240-B61F-1EBF33FC54D8}.Debug|Win32.ActiveCfg = Debug|Win32
		{EE59A222-AAA5-4240-B61F-1EBF33FC54D8}.Debug|Win32.Build.0 = Debug|Win32
		{EE59A222-AAA5-4240-B61F-1EBF33FC54D8}.Release|Win32.ActiveCfg = Release|Win32
		{EE59A222-AAA5-4240-B61F-1EBF33FC54D8}.Release|Win32.Build.0 = Release|Win32
	EndGlobalSection
	GlobalSection(SolutionProperties) = preSolution
		HideSolutionNode = FALSE
	EndGlobalSection
	GlobalSection(ExtensibilityGlobals) = postSolution
		SolutionGuid = {1AA8964C-6331-4A3E-B1D8-024A99F0E48A}
	EndGlobalSection
EndGlobal
